// !$*UTF8*$!
{
	archiveVersion = 1;
	classes = {
	};
	objectVersion = 48;
	objects = {

/* Begin PBXBuildFile section */
		2A7B8DB8A1B5D23E9BDDF935 /* Pods_tumblr_demo1Tests.framework in Frameworks */ = {isa = PBXBuildFile; fileRef = BC4C48E8502183C7CAB8E7DE /* Pods_tumblr_demo1Tests.framework */; };
		6EAF1DC0202E80FC005FF9FD /* PhotoCell.swift in Sources */ = {isa = PBXBuildFile; fileRef = 6EAF1DBF202E80FC005FF9FD /* PhotoCell.swift */; };
		6EAF1DC5202E9B22005FF9FD /* PhotoDetailsViewController.swift in Sources */ = {isa = PBXBuildFile; fileRef = 6EAF1DC4202E9B22005FF9FD /* PhotoDetailsViewController.swift */; };
		6EEC8B94202B8B490059ECB7 /* AppDelegate.swift in Sources */ = {isa = PBXBuildFile; fileRef = 6EEC8B93202B8B490059ECB7 /* AppDelegate.swift */; };
		6EEC8B99202B8B490059ECB7 /* Main.storyboard in Resources */ = {isa = PBXBuildFile; fileRef = 6EEC8B97202B8B490059ECB7 /* Main.storyboard */; };
		6EEC8B9B202B8B490059ECB7 /* Assets.xcassets in Resources */ = {isa = PBXBuildFile; fileRef = 6EEC8B9A202B8B490059ECB7 /* Assets.xcassets */; };
		6EEC8B9E202B8B490059ECB7 /* LaunchScreen.storyboard in Resources */ = {isa = PBXBuildFile; fileRef = 6EEC8B9C202B8B490059ECB7 /* LaunchScreen.storyboard */; };
		6EEC8BA9202B8B490059ECB7 /* tumblr_demo1Tests.swift in Sources */ = {isa = PBXBuildFile; fileRef = 6EEC8BA8202B8B490059ECB7 /* tumblr_demo1Tests.swift */; };
		6EEC8BB4202B8B490059ECB7 /* tumblr_demo1UITests.swift in Sources */ = {isa = PBXBuildFile; fileRef = 6EEC8BB3202B8B490059ECB7 /* tumblr_demo1UITests.swift */; };
		6EEC8BC4202B8E9E0059ECB7 /* PhotosViewController.swift in Sources */ = {isa = PBXBuildFile; fileRef = 6EEC8BC3202B8E9E0059ECB7 /* PhotosViewController.swift */; };
		A68771393CA8BA1DB3AB5718 /* Pods_tumblr_demo1UITests.framework in Frameworks */ = {isa = PBXBuildFile; fileRef = F4092553FC9F31F493D53835 /* Pods_tumblr_demo1UITests.framework */; };
		B7F11E8BF67C341CE86F02BA /* Pods_tumblr_demo1.framework in Frameworks */ = {isa = PBXBuildFile; fileRef = 4E9C08C875673893695649F6 /* Pods_tumblr_demo1.framework */; };
/* End PBXBuildFile section */

/* Begin PBXContainerItemProxy section */
		6EEC8BA5202B8B490059ECB7 /* PBXContainerItemProxy */ = {
			isa = PBXContainerItemProxy;
			containerPortal = 6EEC8B88202B8B490059ECB7 /* Project object */;
			proxyType = 1;
			remoteGlobalIDString = 6EEC8B8F202B8B490059ECB7;
			remoteInfo = tumblr_demo1;
		};
		6EEC8BB0202B8B490059ECB7 /* PBXContainerItemProxy */ = {
			isa = PBXContainerItemProxy;
			containerPortal = 6EEC8B88202B8B490059ECB7 /* Project object */;
			proxyType = 1;
			remoteGlobalIDString = 6EEC8B8F202B8B490059ECB7;
			remoteInfo = tumblr_demo1;
		};
/* End PBXContainerItemProxy section */

/* Begin PBXFileReference section */
		2954EFEDC3FC0C6FC92820FB /* Pods-tumblr_demo1Tests.debug.xcconfig */ = {isa = PBXFileReference; includeInIndex = 1; lastKnownFileType = text.xcconfig; name = "Pods-tumblr_demo1Tests.debug.xcconfig"; path = "Pods/Target Support Files/Pods-tumblr_demo1Tests/Pods-tumblr_demo1Tests.debug.xcconfig"; sourceTree = "<group>"; };
		4E9C08C875673893695649F6 /* Pods_tumblr_demo1.framework */ = {isa = PBXFileReference; explicitFileType = wrapper.framework; includeInIndex = 0; path = Pods_tumblr_demo1.framework; sourceTree = BUILT_PRODUCTS_DIR; };
		5F3EFF1B46D1858E55074031 /* Pods-tumblr_demo1UITests.debug.xcconfig */ = {isa = PBXFileReference; includeInIndex = 1; lastKnownFileType = text.xcconfig; name = "Pods-tumblr_demo1UITests.debug.xcconfig"; path = "Pods/Target Support Files/Pods-tumblr_demo1UITests/Pods-tumblr_demo1UITests.debug.xcconfig"; sourceTree = "<group>"; };
		6EAF1DBF202E80FC005FF9FD /* PhotoCell.swift */ = {isa = PBXFileReference; lastKnownFileType = sourcecode.swift; path = PhotoCell.swift; sourceTree = "<group>"; };
		6EAF1DC4202E9B22005FF9FD /* PhotoDetailsViewController.swift */ = {isa = PBXFileReference; lastKnownFileType = sourcecode.swift; path = PhotoDetailsViewController.swift; sourceTree = "<group>"; };
		6EEC8B90202B8B490059ECB7 /* tumblr_demo1.app */ = {isa = PBXFileReference; explicitFileType = wrapper.application; includeInIndex = 0; path = tumblr_demo1.app; sourceTree = BUILT_PRODUCTS_DIR; };
		6EEC8B93202B8B490059ECB7 /* AppDelegate.swift */ = {isa = PBXFileReference; lastKnownFileType = sourcecode.swift; path = AppDelegate.swift; sourceTree = "<group>"; };
		6EEC8B98202B8B490059ECB7 /* Base */ = {isa = PBXFileReference; lastKnownFileType = file.storyboard; name = Base; path = Base.lproj/Main.storyboard; sourceTree = "<group>"; };
		6EEC8B9A202B8B490059ECB7 /* Assets.xcassets */ = {isa = PBXFileReference; lastKnownFileType = folder.assetcatalog; path = Assets.xcassets; sourceTree = "<group>"; };
		6EEC8B9D202B8B490059ECB7 /* Base */ = {isa = PBXFileReference; lastKnownFileType = file.storyboard; name = Base; path = Base.lproj/LaunchScreen.storyboard; sourceTree = "<group>"; };
		6EEC8B9F202B8B490059ECB7 /* Info.plist */ = {isa = PBXFileReference; lastKnownFileType = text.plist.xml; path = Info.plist; sourceTree = "<group>"; };
		6EEC8BA4202B8B490059ECB7 /* tumblr_demo1Tests.xctest */ = {isa = PBXFileReference; explicitFileType = wrapper.cfbundle; includeInIndex = 0; path = tumblr_demo1Tests.xctest; sourceTree = BUILT_PRODUCTS_DIR; };
		6EEC8BA8202B8B490059ECB7 /* tumblr_demo1Tests.swift */ = {isa = PBXFileReference; lastKnownFileType = sourcecode.swift; path = tumblr_demo1Tests.swift; sourceTree = "<group>"; };
		6EEC8BAA202B8B490059ECB7 /* Info.plist */ = {isa = PBXFileReference; lastKnownFileType = text.plist.xml; path = Info.plist; sourceTree = "<group>"; };
		6EEC8BAF202B8B490059ECB7 /* tumblr_demo1UITests.xctest */ = {isa = PBXFileReference; explicitFileType = wrapper.cfbundle; includeInIndex = 0; path = tumblr_demo1UITests.xctest; sourceTree = BUILT_PRODUCTS_DIR; };
		6EEC8BB3202B8B490059ECB7 /* tumblr_demo1UITests.swift */ = {isa = PBXFileReference; lastKnownFileType = sourcecode.swift; path = tumblr_demo1UITests.swift; sourceTree = "<group>"; };
		6EEC8BB5202B8B490059ECB7 /* Info.plist */ = {isa = PBXFileReference; lastKnownFileType = text.plist.xml; path = Info.plist; sourceTree = "<group>"; };
		6EEC8BC3202B8E9E0059ECB7 /* PhotosViewController.swift */ = {isa = PBXFileReference; lastKnownFileType = sourcecode.swift; path = PhotosViewController.swift; sourceTree = "<group>"; };
		76B9F0AF67F21E38A60F6B1C /* Pods-tumblr_demo1.debug.xcconfig */ = {isa = PBXFileReference; includeInIndex = 1; lastKnownFileType = text.xcconfig; name = "Pods-tumblr_demo1.debug.xcconfig"; path = "Pods/Target Support Files/Pods-tumblr_demo1/Pods-tumblr_demo1.debug.xcconfig"; sourceTree = "<group>"; };
		7740AAE6BF22273761DCFF53 /* Pods-tumblr_demo1.release.xcconfig */ = {isa = PBXFileReference; includeInIndex = 1; lastKnownFileType = text.xcconfig; name = "Pods-tumblr_demo1.release.xcconfig"; path = "Pods/Target Support Files/Pods-tumblr_demo1/Pods-tumblr_demo1.release.xcconfig"; sourceTree = "<group>"; };
		BC4C48E8502183C7CAB8E7DE /* Pods_tumblr_demo1Tests.framework */ = {isa = PBXFileReference; explicitFileType = wrapper.framework; includeInIndex = 0; path = Pods_tumblr_demo1Tests.framework; sourceTree = BUILT_PRODUCTS_DIR; };
		D23F57D05733F07DF3F977D0 /* Pods-tumblr_demo1UITests.release.xcconfig */ = {isa = PBXFileReference; includeInIndex = 1; lastKnownFileType = text.xcconfig; name = "Pods-tumblr_demo1UITests.release.xcconfig"; path = "Pods/Target Support Files/Pods-tumblr_demo1UITests/Pods-tumblr_demo1UITests.release.xcconfig"; sourceTree = "<group>"; };
		D6CF1D4056AEE98B8B7CEAC1 /* Pods-tumblr_demo1Tests.release.xcconfig */ = {isa = PBXFileReference; includeInIndex = 1; lastKnownFileType = text.xcconfig; name = "Pods-tumblr_demo1Tests.release.xcconfig"; path = "Pods/Target Support Files/Pods-tumblr_demo1Tests/Pods-tumblr_demo1Tests.release.xcconfig"; sourceTree = "<group>"; };
		F4092553FC9F31F493D53835 /* Pods_tumblr_demo1UITests.framework */ = {isa = PBXFileReference; explicitFileType = wrapper.framework; includeInIndex = 0; path = Pods_tumblr_demo1UITests.framework; sourceTree = BUILT_PRODUCTS_DIR; };
/* End PBXFileReference section */

/* Begin PBXFrameworksBuildPhase section */
		6EEC8B8D202B8B490059ECB7 /* Frameworks */ = {
			isa = PBXFrameworksBuildPhase;
			buildActionMask = 2147483647;
			files = (
				B7F11E8BF67C341CE86F02BA /* Pods_tumblr_demo1.framework in Frameworks */,
			);
			runOnlyForDeploymentPostprocessing = 0;
		};
		6EEC8BA1202B8B490059ECB7 /* Frameworks */ = {
			isa = PBXFrameworksBuildPhase;
			buildActionMask = 2147483647;
			files = (
				2A7B8DB8A1B5D23E9BDDF935 /* Pods_tumblr_demo1Tests.framework in Frameworks */,
			);
			runOnlyForDeploymentPostprocessing = 0;
		};
		6EEC8BAC202B8B490059ECB7 /* Frameworks */ = {
			isa = PBXFrameworksBuildPhase;
			buildActionMask = 2147483647;
			files = (
				A68771393CA8BA1DB3AB5718 /* Pods_tumblr_demo1UITests.framework in Frameworks */,
			);
			runOnlyForDeploymentPostprocessing = 0;
		};
/* End PBXFrameworksBuildPhase section */

/* Begin PBXGroup section */
		421E40B0B363C407FA61117E /* Frameworks */ = {
			isa = PBXGroup;
			children = (
				4E9C08C875673893695649F6 /* Pods_tumblr_demo1.framework */,
				BC4C48E8502183C7CAB8E7DE /* Pods_tumblr_demo1Tests.framework */,
				F4092553FC9F31F493D53835 /* Pods_tumblr_demo1UITests.framework */,
			);
			name = Frameworks;
			sourceTree = "<group>";
		};
		6EAF1DC6202E9CE9005FF9FD /* ViewContollers */ = {
			isa = PBXGroup;
			children = (
				6EAF1DC4202E9B22005FF9FD /* PhotoDetailsViewController.swift */,
				6EEC8BC3202B8E9E0059ECB7 /* PhotosViewController.swift */,
			);
			path = ViewContollers;
			sourceTree = "<group>";
		};
		6EAF1DC7202E9D08005FF9FD /* Views */ = {
			isa = PBXGroup;
			children = (
				6EAF1DBF202E80FC005FF9FD /* PhotoCell.swift */,
			);
			path = Views;
			sourceTree = "<group>";
		};
		6EEC8B87202B8B490059ECB7 = {
			isa = PBXGroup;
			children = (
				6EEC8B92202B8B490059ECB7 /* tumblr_demo1 */,
				6EEC8BA7202B8B490059ECB7 /* tumblr_demo1Tests */,
				6EEC8BB2202B8B490059ECB7 /* tumblr_demo1UITests */,
				6EEC8B91202B8B490059ECB7 /* Products */,
				8302DCCFB0B30D43D4668ADA /* Pods */,
				421E40B0B363C407FA61117E /* Frameworks */,
			);
			sourceTree = "<group>";
		};
		6EEC8B91202B8B490059ECB7 /* Products */ = {
			isa = PBXGroup;
			children = (
				6EEC8B90202B8B490059ECB7 /* tumblr_demo1.app */,
				6EEC8BA4202B8B490059ECB7 /* tumblr_demo1Tests.xctest */,
				6EEC8BAF202B8B490059ECB7 /* tumblr_demo1UITests.xctest */,
			);
			name = Products;
			sourceTree = "<group>";
		};
		6EEC8B92202B8B490059ECB7 /* tumblr_demo1 */ = {
			isa = PBXGroup;
			children = (
				6EAF1DC7202E9D08005FF9FD /* Views */,
				6EAF1DC6202E9CE9005FF9FD /* ViewContollers */,
				6EEC8B93202B8B490059ECB7 /* AppDelegate.swift */,
				6EEC8B97202B8B490059ECB7 /* Main.storyboard */,
				6EEC8B9A202B8B490059ECB7 /* Assets.xcassets */,
				6EEC8B9C202B8B490059ECB7 /* LaunchScreen.storyboard */,
				6EEC8B9F202B8B490059ECB7 /* Info.plist */,
			);
			path = tumblr_demo1;
			sourceTree = "<group>";
		};
		6EEC8BA7202B8B490059ECB7 /* tumblr_demo1Tests */ = {
			isa = PBXGroup;
			children = (
				6EEC8BA8202B8B490059ECB7 /* tumblr_demo1Tests.swift */,
				6EEC8BAA202B8B490059ECB7 /* Info.plist */,
			);
			path = tumblr_demo1Tests;
			sourceTree = "<group>";
		};
		6EEC8BB2202B8B490059ECB7 /* tumblr_demo1UITests */ = {
			isa = PBXGroup;
			children = (
				6EEC8BB3202B8B490059ECB7 /* tumblr_demo1UITests.swift */,
				6EEC8BB5202B8B490059ECB7 /* Info.plist */,
			);
			path = tumblr_demo1UITests;
			sourceTree = "<group>";
		};
		8302DCCFB0B30D43D4668ADA /* Pods */ = {
			isa = PBXGroup;
			children = (
				76B9F0AF67F21E38A60F6B1C /* Pods-tumblr_demo1.debug.xcconfig */,
				7740AAE6BF22273761DCFF53 /* Pods-tumblr_demo1.release.xcconfig */,
				2954EFEDC3FC0C6FC92820FB /* Pods-tumblr_demo1Tests.debug.xcconfig */,
				D6CF1D4056AEE98B8B7CEAC1 /* Pods-tumblr_demo1Tests.release.xcconfig */,
				5F3EFF1B46D1858E55074031 /* Pods-tumblr_demo1UITests.debug.xcconfig */,
				D23F57D05733F07DF3F977D0 /* Pods-tumblr_demo1UITests.release.xcconfig */,
			);
			name = Pods;
			sourceTree = "<group>";
		};
/* End PBXGroup section */

/* Begin PBXNativeTarget section */
		6EEC8B8F202B8B490059ECB7 /* tumblr_demo1 */ = {
			isa = PBXNativeTarget;
			buildConfigurationList = 6EEC8BB8202B8B490059ECB7 /* Build configuration list for PBXNativeTarget "tumblr_demo1" */;
			buildPhases = (
				ACB8C4B808EB01295909C046 /* [CP] Check Pods Manifest.lock */,
				6EEC8B8C202B8B490059ECB7 /* Sources */,
				6EEC8B8D202B8B490059ECB7 /* Frameworks */,
				6EEC8B8E202B8B490059ECB7 /* Resources */,
				016F113A4CA8EDA19E2A9F55 /* [CP] Embed Pods Frameworks */,
				E2BC24C1F966960807D44961 /* [CP] Copy Pods Resources */,
			);
			buildRules = (
			);
			dependencies = (
			);
			name = tumblr_demo1;
			productName = tumblr_demo1;
			productReference = 6EEC8B90202B8B490059ECB7 /* tumblr_demo1.app */;
			productType = "com.apple.product-type.application";
		};
		6EEC8BA3202B8B490059ECB7 /* tumblr_demo1Tests */ = {
			isa = PBXNativeTarget;
			buildConfigurationList = 6EEC8BBB202B8B490059ECB7 /* Build configuration list for PBXNativeTarget "tumblr_demo1Tests" */;
			buildPhases = (
				6C9DE934F60C9AB5ABDDEF81 /* [CP] Check Pods Manifest.lock */,
				6EEC8BA0202B8B490059ECB7 /* Sources */,
				6EEC8BA1202B8B490059ECB7 /* Frameworks */,
				6EEC8BA2202B8B490059ECB7 /* Resources */,
				4BF0A234B5BD8079139A23D6 /* [CP] Embed Pods Frameworks */,
				F29289D8FF52931A9D5B7946 /* [CP] Copy Pods Resources */,
			);
			buildRules = (
			);
			dependencies = (
				6EEC8BA6202B8B490059ECB7 /* PBXTargetDependency */,
			);
			name = tumblr_demo1Tests;
			productName = tumblr_demo1Tests;
			productReference = 6EEC8BA4202B8B490059ECB7 /* tumblr_demo1Tests.xctest */;
			productType = "com.apple.product-type.bundle.unit-test";
		};
		6EEC8BAE202B8B490059ECB7 /* tumblr_demo1UITests */ = {
			isa = PBXNativeTarget;
			buildConfigurationList = 6EEC8BBE202B8B490059ECB7 /* Build configuration list for PBXNativeTarget "tumblr_demo1UITests" */;
			buildPhases = (
				F89B2E16AB006C15291283F7 /* [CP] Check Pods Manifest.lock */,
				6EEC8BAB202B8B490059ECB7 /* Sources */,
				6EEC8BAC202B8B490059ECB7 /* Frameworks */,
				6EEC8BAD202B8B490059ECB7 /* Resources */,
				2FD832ADB58F9C1E8A68A401 /* [CP] Embed Pods Frameworks */,
				FD16474C5D70738F411C0F99 /* [CP] Copy Pods Resources */,
			);
			buildRules = (
			);
			dependencies = (
				6EEC8BB1202B8B490059ECB7 /* PBXTargetDependency */,
			);
			name = tumblr_demo1UITests;
			productName = tumblr_demo1UITests;
			productReference = 6EEC8BAF202B8B490059ECB7 /* tumblr_demo1UITests.xctest */;
			productType = "com.apple.product-type.bundle.ui-testing";
		};
/* End PBXNativeTarget section */

/* Begin PBXProject section */
		6EEC8B88202B8B490059ECB7 /* Project object */ = {
			isa = PBXProject;
			attributes = {
				LastSwiftUpdateCheck = 0920;
				LastUpgradeCheck = 0920;
				ORGANIZATIONNAME = Elizabeth;
				TargetAttributes = {
					6EEC8B8F202B8B490059ECB7 = {
						CreatedOnToolsVersion = 9.2;
						ProvisioningStyle = Automatic;
					};
					6EEC8BA3202B8B490059ECB7 = {
						CreatedOnToolsVersion = 9.2;
						ProvisioningStyle = Automatic;
						TestTargetID = 6EEC8B8F202B8B490059ECB7;
					};
					6EEC8BAE202B8B490059ECB7 = {
						CreatedOnToolsVersion = 9.2;
						ProvisioningStyle = Automatic;
						TestTargetID = 6EEC8B8F202B8B490059ECB7;
					};
				};
			};
			buildConfigurationList = 6EEC8B8B202B8B490059ECB7 /* Build configuration list for PBXProject "tumblr_demo1" */;
			compatibilityVersion = "Xcode 8.0";
			developmentRegion = en;
			hasScannedForEncodings = 0;
			knownRegions = (
				en,
				Base,
			);
			mainGroup = 6EEC8B87202B8B490059ECB7;
			productRefGroup = 6EEC8B91202B8B490059ECB7 /* Products */;
			projectDirPath = "";
			projectRoot = "";
			targets = (
				6EEC8B8F202B8B490059ECB7 /* tumblr_demo1 */,
				6EEC8BA3202B8B490059ECB7 /* tumblr_demo1Tests */,
				6EEC8BAE202B8B490059ECB7 /* tumblr_demo1UITests */,
			);
		};
/* End PBXProject section */

/* Begin PBXResourcesBuildPhase section */
		6EEC8B8E202B8B490059ECB7 /* Resources */ = {
			isa = PBXResourcesBuildPhase;
			buildActionMask = 2147483647;
			files = (
				6EEC8B9E202B8B490059ECB7 /* LaunchScreen.storyboard in Resources */,
				6EEC8B9B202B8B490059ECB7 /* Assets.xcassets in Resources */,
				6EEC8B99202B8B490059ECB7 /* Main.storyboard in Resources */,
			);
			runOnlyForDeploymentPostprocessing = 0;
		};
		6EEC8BA2202B8B490059ECB7 /* Resources */ = {
			isa = PBXResourcesBuildPhase;
			buildActionMask = 2147483647;
			files = (
			);
			runOnlyForDeploymentPostprocessing = 0;
		};
		6EEC8BAD202B8B490059ECB7 /* Resources */ = {
			isa = PBXResourcesBuildPhase;
			buildActionMask = 2147483647;
			files = (
			);
			runOnlyForDeploymentPostprocessing = 0;
		};
/* End PBXResourcesBuildPhase section */

/* Begin PBXShellScriptBuildPhase section */
		016F113A4CA8EDA19E2A9F55 /* [CP] Embed Pods Frameworks */ = {
			isa = PBXShellScriptBuildPhase;
			buildActionMask = 2147483647;
			files = (
			);
			inputPaths = (
				"${SRCROOT}/Pods/Target Support Files/Pods-tumblr_demo1/Pods-tumblr_demo1-frameworks.sh",
				"${BUILT_PRODUCTS_DIR}/Alamofire/Alamofire.framework",
				"${BUILT_PRODUCTS_DIR}/AlamofireImage/AlamofireImage.framework",
			);
			name = "[CP] Embed Pods Frameworks";
			outputPaths = (
				"${TARGET_BUILD_DIR}/${FRAMEWORKS_FOLDER_PATH}/Alamofire.framework",
				"${TARGET_BUILD_DIR}/${FRAMEWORKS_FOLDER_PATH}/AlamofireImage.framework",
			);
			runOnlyForDeploymentPostprocessing = 0;
			shellPath = /bin/sh;
			shellScript = "\"${SRCROOT}/Pods/Target Support Files/Pods-tumblr_demo1/Pods-tumblr_demo1-frameworks.sh\"\n";
			showEnvVarsInLog = 0;
		};
		2FD832ADB58F9C1E8A68A401 /* [CP] Embed Pods Frameworks */ = {
			isa = PBXShellScriptBuildPhase;
			buildActionMask = 2147483647;
			files = (
			);
			inputPaths = (
			);
			name = "[CP] Embed Pods Frameworks";
			outputPaths = (
			);
			runOnlyForDeploymentPostprocessing = 0;
			shellPath = /bin/sh;
			shellScript = "\"${SRCROOT}/Pods/Target Support Files/Pods-tumblr_demo1UITests/Pods-tumblr_demo1UITests-frameworks.sh\"\n";
			showEnvVarsInLog = 0;
		};
		4BF0A234B5BD8079139A23D6 /* [CP] Embed Pods Frameworks */ = {
			isa = PBXShellScriptBuildPhase;
			buildActionMask = 2147483647;
			files = (
			);
			inputPaths = (
			);
			name = "[CP] Embed Pods Frameworks";
			outputPaths = (
			);
			runOnlyForDeploymentPostprocessing = 0;
			shellPath = /bin/sh;
			shellScript = "\"${SRCROOT}/Pods/Target Support Files/Pods-tumblr_demo1Tests/Pods-tumblr_demo1Tests-frameworks.sh\"\n";
			showEnvVarsInLog = 0;
		};
		6C9DE934F60C9AB5ABDDEF81 /* [CP] Check Pods Manifest.lock */ = {
			isa = PBXShellScriptBuildPhase;
			buildActionMask = 2147483647;
			files = (
			);
			inputPaths = (
				"${PODS_PODFILE_DIR_PATH}/Podfile.lock",
				"${PODS_ROOT}/Manifest.lock",
			);
			name = "[CP] Check Pods Manifest.lock";
			outputPaths = (
				"$(DERIVED_FILE_DIR)/Pods-tumblr_demo1Tests-checkManifestLockResult.txt",
			);
			runOnlyForDeploymentPostprocessing = 0;
			shellPath = /bin/sh;
			shellScript = "diff \"${PODS_PODFILE_DIR_PATH}/Podfile.lock\" \"${PODS_ROOT}/Manifest.lock\" > /dev/null\nif [ $? != 0 ] ; then\n    # print error to STDERR\n    echo \"error: The sandbox is not in sync with the Podfile.lock. Run 'pod install' or update your CocoaPods installation.\" >&2\n    exit 1\nfi\n# This output is used by Xcode 'outputs' to avoid re-running this script phase.\necho \"SUCCESS\" > \"${SCRIPT_OUTPUT_FILE_0}\"\n";
			showEnvVarsInLog = 0;
		};
		ACB8C4B808EB01295909C046 /* [CP] Check Pods Manifest.lock */ = {
			isa = PBXShellScriptBuildPhase;
			buildActionMask = 2147483647;
			files = (
			);
			inputPaths = (
				"${PODS_PODFILE_DIR_PATH}/Podfile.lock",
				"${PODS_ROOT}/Manifest.lock",
			);
			name = "[CP] Check Pods Manifest.lock";
			outputPaths = (
				"$(DERIVED_FILE_DIR)/Pods-tumblr_demo1-checkManifestLockResult.txt",
			);
			runOnlyForDeploymentPostprocessing = 0;
			shellPath = /bin/sh;
			shellScript = "diff \"${PODS_PODFILE_DIR_PATH}/Podfile.lock\" \"${PODS_ROOT}/Manifest.lock\" > /dev/null\nif [ $? != 0 ] ; then\n    # print error to STDERR\n    echo \"error: The sandbox is not in sync with the Podfile.lock. Run 'pod install' or update your CocoaPods installation.\" >&2\n    exit 1\nfi\n# This output is used by Xcode 'outputs' to avoid re-running this script phase.\necho \"SUCCESS\" > \"${SCRIPT_OUTPUT_FILE_0}\"\n";
			showEnvVarsInLog = 0;
		};
		E2BC24C1F966960807D44961 /* [CP] Copy Pods Resources */ = {
			isa = PBXShellScriptBuildPhase;
			buildActionMask = 2147483647;
			files = (
			);
			inputPaths = (
			);
			name = "[CP] Copy Pods Resources";
			outputPaths = (
			);
			runOnlyForDeploymentPostprocessing = 0;
			shellPath = /bin/sh;
			shellScript = "\"${SRCROOT}/Pods/Target Support Files/Pods-tumblr_demo1/Pods-tumblr_demo1-resources.sh\"\n";
			showEnvVarsInLog = 0;
		};
		F29289D8FF52931A9D5B7946 /* [CP] Copy Pods Resources */ = {
			isa = PBXShellScriptBuildPhase;
			buildActionMask = 2147483647;
			files = (
			);
			inputPaths = (
			);
			name = "[CP] Copy Pods Resources";
			outputPaths = (
			);
			runOnlyForDeploymentPostprocessing = 0;
			shellPath = /bin/sh;
			shellScript = "\"${SRCROOT}/Pods/Target Support Files/Pods-tumblr_demo1Tests/Pods-tumblr_demo1Tests-resources.sh\"\n";
			showEnvVarsInLog = 0;
		};
		F89B2E16AB006C15291283F7 /* [CP] Check Pods Manifest.lock */ = {
			isa = PBXShellScriptBuildPhase;
			buildActionMask = 2147483647;
			files = (
			);
			inputPaths = (
				"${PODS_PODFILE_DIR_PATH}/Podfile.lock",
				"${PODS_ROOT}/Manifest.lock",
			);
			name = "[CP] Check Pods Manifest.lock";
			outputPaths = (
				"$(DERIVED_FILE_DIR)/Pods-tumblr_demo1UITests-checkManifestLockResult.txt",
			);
			runOnlyForDeploymentPostprocessing = 0;
			shellPath = /bin/sh;
			shellScript = "diff \"${PODS_PODFILE_DIR_PATH}/Podfile.lock\" \"${PODS_ROOT}/Manifest.lock\" > /dev/null\nif [ $? != 0 ] ; then\n    # print error to STDERR\n    echo \"error: The sandbox is not in sync with the Podfile.lock. Run 'pod install' or update your CocoaPods installation.\" >&2\n    exit 1\nfi\n# This output is used by Xcode 'outputs' to avoid re-running this script phase.\necho \"SUCCESS\" > \"${SCRIPT_OUTPUT_FILE_0}\"\n";
			showEnvVarsInLog = 0;
		};
		FD16474C5D70738F411C0F99 /* [CP] Copy Pods Resources */ = {
			isa = PBXShellScriptBuildPhase;
			buildActionMask = 2147483647;
			files = (
			);
			inputPaths = (
			);
			name = "[CP] Copy Pods Resources";
			outputPaths = (
			);
			runOnlyForDeploymentPostprocessing = 0;
			shellPath = /bin/sh;
			shellScript = "\"${SRCROOT}/Pods/Target Support Files/Pods-tumblr_demo1UITests/Pods-tumblr_demo1UITests-resources.sh\"\n";
			showEnvVarsInLog = 0;
		};
/* End PBXShellScriptBuildPhase section */

/* Begin PBXSourcesBuildPhase section */
		6EEC8B8C202B8B490059ECB7 /* Sources */ = {
			isa = PBXSourcesBuildPhase;
			buildActionMask = 2147483647;
			files = (
				6EAF1DC5202E9B22005FF9FD /* PhotoDetailsViewController.swift in Sources */,
				6EEC8B94202B8B490059ECB7 /* AppDelegate.swift in Sources */,
				6EAF1DC0202E80FC005FF9FD /* PhotoCell.swift in Sources */,
				6EEC8BC4202B8E9E0059ECB7 /* PhotosViewController.swift in Sources */,
			);
			runOnlyForDeploymentPostprocessing = 0;
		};
		6EEC8BA0202B8B490059ECB7 /* Sources */ = {
			isa = PBXSourcesBuildPhase;
			buildActionMask = 2147483647;
			files = (
				6EEC8BA9202B8B490059ECB7 /* tumblr_demo1Tests.swift in Sources */,
			);
			runOnlyForDeploymentPostprocessing = 0;
		};
		6EEC8BAB202B8B490059ECB7 /* Sources */ = {
			isa = PBXSourcesBuildPhase;
			buildActionMask = 2147483647;
			files = (
				6EEC8BB4202B8B490059ECB7 /* tumblr_demo1UITests.swift in Sources */,
			);
			runOnlyForDeploymentPostprocessing = 0;
		};
/* End PBXSourcesBuildPhase section */

/* Begin PBXTargetDependency section */
		6EEC8BA6202B8B490059ECB7 /* PBXTargetDependency */ = {
			isa = PBXTargetDependency;
			target = 6EEC8B8F202B8B490059ECB7 /* tumblr_demo1 */;
			targetProxy = 6EEC8BA5202B8B490059ECB7 /* PBXContainerItemProxy */;
		};
		6EEC8BB1202B8B490059ECB7 /* PBXTargetDependency */ = {
			isa = PBXTargetDependency;
			target = 6EEC8B8F202B8B490059ECB7 /* tumblr_demo1 */;
			targetProxy = 6EEC8BB0202B8B490059ECB7 /* PBXContainerItemProxy */;
		};
/* End PBXTargetDependency section */

/* Begin PBXVariantGroup section */
		6EEC8B97202B8B490059ECB7 /* Main.storyboard */ = {
			isa = PBXVariantGroup;
			children = (
				6EEC8B98202B8B490059ECB7 /* Base */,
			);
			name = Main.storyboard;
			sourceTree = "<group>";
		};
		6EEC8B9C202B8B490059ECB7 /* LaunchScreen.storyboard */ = {
			isa = PBXVariantGroup;
			children = (
				6EEC8B9D202B8B490059ECB7 /* Base */,
			);
			name = LaunchScreen.storyboard;
			sourceTree = "<group>";
		};
/* End PBXVariantGroup section */

/* Begin XCBuildConfiguration section */
		6EEC8BB6202B8B490059ECB7 /* Debug */ = {
			isa = XCBuildConfiguration;
			buildSettings = {
				ALWAYS_SEARCH_USER_PATHS = NO;
				CLANG_ANALYZER_NONNULL = YES;
				CLANG_ANALYZER_NUMBER_OBJECT_CONVERSION = YES_AGGRESSIVE;
				CLANG_CXX_LANGUAGE_STANDARD = "gnu++14";
				CLANG_CXX_LIBRARY = "libc++";
				CLANG_ENABLE_MODULES = YES;
				CLANG_ENABLE_OBJC_ARC = YES;
				CLANG_WARN_BLOCK_CAPTURE_AUTORELEASING = YES;
				CLANG_WARN_BOOL_CONVERSION = YES;
				CLANG_WARN_COMMA = YES;
				CLANG_WARN_CONSTANT_CONVERSION = YES;
				CLANG_WARN_DIRECT_OBJC_ISA_USAGE = YES_ERROR;
				CLANG_WARN_DOCUMENTATION_COMMENTS = YES;
				CLANG_WARN_EMPTY_BODY = YES;
				CLANG_WARN_ENUM_CONVERSION = YES;
				CLANG_WARN_INFINITE_RECURSION = YES;
				CLANG_WARN_INT_CONVERSION = YES;
				CLANG_WARN_NON_LITERAL_NULL_CONVERSION = YES;
				CLANG_WARN_OBJC_LITERAL_CONVERSION = YES;
				CLANG_WARN_OBJC_ROOT_CLASS = YES_ERROR;
				CLANG_WARN_RANGE_LOOP_ANALYSIS = YES;
				CLANG_WARN_STRICT_PROTOTYPES = YES;
				CLANG_WARN_SUSPICIOUS_MOVE = YES;
				CLANG_WARN_UNGUARDED_AVAILABILITY = YES_AGGRESSIVE;
				CLANG_WARN_UNREACHABLE_CODE = YES;
				CLANG_WARN__DUPLICATE_METHOD_MATCH = YES;
				CODE_SIGN_IDENTITY = "iPhone Developer";
				COPY_PHASE_STRIP = NO;
				DEBUG_INFORMATION_FORMAT = dwarf;
				ENABLE_STRICT_OBJC_MSGSEND = YES;
				ENABLE_TESTABILITY = YES;
				GCC_C_LANGUAGE_STANDARD = gnu11;
				GCC_DYNAMIC_NO_PIC = NO;
				GCC_NO_COMMON_BLOCKS = YES;
				GCC_OPTIMIZATION_LEVEL = 0;
				GCC_PREPROCESSOR_DEFINITIONS = (
					"DEBUG=1",
					"$(inherited)",
				);
				GCC_WARN_64_TO_32_BIT_CONVERSION = YES;
				GCC_WARN_ABOUT_RETURN_TYPE = YES_ERROR;
				GCC_WARN_UNDECLARED_SELECTOR = YES;
				GCC_WARN_UNINITIALIZED_AUTOS = YES_AGGRESSIVE;
				GCC_WARN_UNUSED_FUNCTION = YES;
				GCC_WARN_UNUSED_VARIABLE = YES;
				IPHONEOS_DEPLOYMENT_TARGET = 11.2;
				MTL_ENABLE_DEBUG_INFO = YES;
				ONLY_ACTIVE_ARCH = YES;
				SDKROOT = iphoneos;
				SWIFT_ACTIVE_COMPILATION_CONDITIONS = DEBUG;
				SWIFT_OPTIMIZATION_LEVEL = "-Onone";
			};
			name = Debug;
		};
		6EEC8BB7202B8B490059ECB7 /* Release */ = {
			isa = XCBuildConfiguration;
			buildSettings = {
				ALWAYS_SEARCH_USER_PATHS = NO;
				CLANG_ANALYZER_NONNULL = YES;
				CLANG_ANALYZER_NUMBER_OBJECT_CONVERSION = YES_AGGRESSIVE;
				CLANG_CXX_LANGUAGE_STANDARD = "gnu++14";
				CLANG_CXX_LIBRARY = "libc++";
				CLANG_ENABLE_MODULES = YES;
				CLANG_ENABLE_OBJC_ARC = YES;
				CLANG_WARN_BLOCK_CAPTURE_AUTORELEASING = YES;
				CLANG_WARN_BOOL_CONVERSION = YES;
				CLANG_WARN_COMMA = YES;
				CLANG_WARN_CONSTANT_CONVERSION = YES;
				CLANG_WARN_DIRECT_OBJC_ISA_USAGE = YES_ERROR;
				CLANG_WARN_DOCUMENTATION_COMMENTS = YES;
				CLANG_WARN_EMPTY_BODY = YES;
				CLANG_WARN_ENUM_CONVERSION = YES;
				CLANG_WARN_INFINITE_RECURSION = YES;
				CLANG_WARN_INT_CONVERSION = YES;
				CLANG_WARN_NON_LITERAL_NULL_CONVERSION = YES;
				CLANG_WARN_OBJC_LITERAL_CONVERSION = YES;
				CLANG_WARN_OBJC_ROOT_CLASS = YES_ERROR;
				CLANG_WARN_RANGE_LOOP_ANALYSIS = YES;
				CLANG_WARN_STRICT_PROTOTYPES = YES;
				CLANG_WARN_SUSPICIOUS_MOVE = YES;
				CLANG_WARN_UNGUARDED_AVAILABILITY = YES_AGGRESSIVE;
				CLANG_WARN_UNREACHABLE_CODE = YES;
				CLANG_WARN__DUPLICATE_METHOD_MATCH = YES;
				CODE_SIGN_IDENTITY = "iPhone Developer";
				COPY_PHASE_STRIP = NO;
				DEBUG_INFORMATION_FORMAT = "dwarf-with-dsym";
				ENABLE_NS_ASSERTIONS = NO;
				ENABLE_STRICT_OBJC_MSGSEND = YES;
				GCC_C_LANGUAGE_STANDARD = gnu11;
				GCC_NO_COMMON_BLOCKS = YES;
				GCC_WARN_64_TO_32_BIT_CONVERSION = YES;
				GCC_WARN_ABOUT_RETURN_TYPE = YES_ERROR;
				GCC_WARN_UNDECLARED_SELECTOR = YES;
				GCC_WARN_UNINITIALIZED_AUTOS = YES_AGGRESSIVE;
				GCC_WARN_UNUSED_FUNCTION = YES;
				GCC_WARN_UNUSED_VARIABLE = YES;
				IPHONEOS_DEPLOYMENT_TARGET = 11.2;
				MTL_ENABLE_DEBUG_INFO = NO;
				SDKROOT = iphoneos;
				SWIFT_OPTIMIZATION_LEVEL = "-Owholemodule";
				VALIDATE_PRODUCT = YES;
			};
			name = Release;
		};
		6EEC8BB9202B8B490059ECB7 /* Debug */ = {
			isa = XCBuildConfiguration;
			baseConfigurationReference = 76B9F0AF67F21E38A60F6B1C /* Pods-tumblr_demo1.debug.xcconfig */;
			buildSettings = {
				ASSETCATALOG_COMPILER_APPICON_NAME = AppIcon;
				CODE_SIGN_STYLE = Automatic;
				INFOPLIST_FILE = tumblr_demo1/Info.plist;
				LD_RUNPATH_SEARCH_PATHS = "$(inherited) @executable_path/Frameworks";
				PRODUCT_BUNDLE_IDENTIFIER = "com.elizabeth.tumblr-demo1";
				PRODUCT_NAME = "$(TARGET_NAME)";
				SWIFT_VERSION = 4.0;
				TARGETED_DEVICE_FAMILY = 1;
			};
			name = Debug;
		};
		6EEC8BBA202B8B490059ECB7 /* Release */ = {
			isa = XCBuildConfiguration;
			baseConfigurationReference = 7740AAE6BF22273761DCFF53 /* Pods-tumblr_demo1.release.xcconfig */;
			buildSettings = {
				ASSETCATALOG_COMPILER_APPICON_NAME = AppIcon;
				CODE_SIGN_STYLE = Automatic;
				INFOPLIST_FILE = tumblr_demo1/Info.plist;
				LD_RUNPATH_SEARCH_PATHS = "$(inherited) @executable_path/Frameworks";
				PRODUCT_BUNDLE_IDENTIFIER = "com.elizabeth.tumblr-demo1";
				PRODUCT_NAME = "$(TARGET_NAME)";
				SWIFT_VERSION = 4.0;
				TARGETED_DEVICE_FAMILY = 1;
			};
			name = Release;
		};
		6EEC8BBC202B8B490059ECB7 /* Debug */ = {
			isa = XCBuildConfiguration;
			baseConfigurationReference = 2954EFEDC3FC0C6FC92820FB /* Pods-tumblr_demo1Tests.debug.xcconfig */;
			buildSettings = {
				ALWAYS_EMBED_SWIFT_STANDARD_LIBRARIES = YES;
				BUNDLE_LOADER = "$(TEST_HOST)";
				CODE_SIGN_STYLE = Automatic;
				INFOPLIST_FILE = tumblr_demo1Tests/Info.plist;
				LD_RUNPATH_SEARCH_PATHS = "$(inherited) @executable_path/Frameworks @loader_path/Frameworks";
				PRODUCT_BUNDLE_IDENTIFIER = "com.elizabeth.tumblr-demo1Tests";
				PRODUCT_NAME = "$(TARGET_NAME)";
				SWIFT_VERSION = 4.0;
				TARGETED_DEVICE_FAMILY = "1,2";
				TEST_HOST = "$(BUILT_PRODUCTS_DIR)/tumblr_demo1.app/tumblr_demo1";
			};
			name = Debug;
		};
		6EEC8BBD202B8B490059ECB7 /* Release */ = {
			isa = XCBuildConfiguration;
			baseConfigurationReference = D6CF1D4056AEE98B8B7CEAC1 /* Pods-tumblr_demo1Tests.release.xcconfig */;
			buildSettings = {
				ALWAYS_EMBED_SWIFT_STANDARD_LIBRARIES = YES;
				BUNDLE_LOADER = "$(TEST_HOST)";
				CODE_SIGN_STYLE = Automatic;
				INFOPLIST_FILE = tumblr_demo1Tests/Info.plist;
				LD_RUNPATH_SEARCH_PATHS = "$(inherited) @executable_path/Frameworks @loader_path/Frameworks";
				PRODUCT_BUNDLE_IDENTIFIER = "com.elizabeth.tumblr-demo1Tests";
				PRODUCT_NAME = "$(TARGET_NAME)";
				SWIFT_VERSION = 4.0;
				TARGETED_DEVICE_FAMILY = "1,2";
				TEST_HOST = "$(BUILT_PRODUCTS_DIR)/tumblr_demo1.app/tumblr_demo1";
			};
			name = Release;
		};
		6EEC8BBF202B8B490059ECB7 /* Debug */ = {
			isa = XCBuildConfiguration;
			baseConfigurationReference = 5F3EFF1B46D1858E55074031 /* Pods-tumblr_demo1UITests.debug.xcconfig */;
			buildSettings = {
				ALWAYS_EMBED_SWIFT_STANDARD_LIBRARIES = YES;
				CODE_SIGN_STYLE = Automatic;
				INFOPLIST_FILE = tumblr_demo1UITests/Info.plist;
				LD_RUNPATH_SEARCH_PATHS = "$(inherited) @executable_path/Frameworks @loader_path/Frameworks";
				PRODUCT_BUNDLE_IDENTIFIER = "com.elizabeth.tumblr-demo1UITests";
				PRODUCT_NAME = "$(TARGET_NAME)";
				SWIFT_VERSION = 4.0;
				TARGETED_DEVICE_FAMILY = "1,2";
				TEST_TARGET_NAME = tumblr_demo1;
			};
			name = Debug;
		};
		6EEC8BC0202B8B490059ECB7 /* Release */ = {
			isa = XCBuildConfiguration;
			baseConfigurationReference = D23F57D05733F07DF3F977D0 /* Pods-tumblr_demo1UITests.release.xcconfig */;
			buildSettings = {
				ALWAYS_EMBED_SWIFT_STANDARD_LIBRARIES = YES;
				CODE_SIGN_STYLE = Automatic;
				INFOPLIST_FILE = tumblr_demo1UITests/Info.plist;
				LD_RUNPATH_SEARCH_PATHS = "$(inherited) @executable_path/Frameworks @loader_path/Frameworks";
				PRODUCT_BUNDLE_IDENTIFIER = "com.elizabeth.tumblr-demo1UITests";
				PRODUCT_NAME = "$(TARGET_NAME)";
				SWIFT_VERSION = 4.0;
				TARGETED_DEVICE_FAMILY = "1,2";
				TEST_TARGET_NAME = tumblr_demo1;
			};
			name = Release;
		};
/* End XCBuildConfiguration section */

/* Begin XCConfigurationList section */
		6EEC8B8B202B8B490059ECB7 /* Build configuration list for PBXProject "tumblr_demo1" */ = {
			isa = XCConfigurationList;
			buildConfigurations = (
				6EEC8BB6202B8B490059ECB7 /* Debug */,
				6EEC8BB7202B8B490059ECB7 /* Release */,
			);
			defaultConfigurationIsVisible = 0;
			defaultConfigurationName = Release;
		};
		6EEC8BB8202B8B490059ECB7 /* Build configuration list for PBXNativeTarget "tumblr_demo1" */ = {
			isa = XCConfigurationList;
			buildConfigurations = (
				6EEC8BB9202B8B490059ECB7 /* Debug */,
				6EEC8BBA202B8B490059ECB7 /* Release */,
			);
			defaultConfigurationIsVisible = 0;
			defaultConfigurationName = Release;
		};
		6EEC8BBB202B8B490059ECB7 /* Build configuration list for PBXNativeTarget "tumblr_demo1Tests" */ = {
			isa = XCConfigurationList;
			buildConfigurations = (
				6EEC8BBC202B8B490059ECB7 /* Debug */,
				6EEC8BBD202B8B490059ECB7 /* Release */,
			);
			defaultConfigurationIsVisible = 0;
			defaultConfigurationName = Release;
		};
		6EEC8BBE202B8B490059ECB7 /* Build configuration list for PBXNativeTarget "tumblr_demo1UITests" */ = {
			isa = XCConfigurationList;
			buildConfigurations = (
				6EEC8BBF202B8B490059ECB7 /* Debug */,
				6EEC8BC0202B8B490059ECB7 /* Release */,
			);
			defaultConfigurationIsVisible = 0;
			defaultConfigurationName = Release;
		};
/* End XCConfigurationList section */
	};
	rootObject = 6EEC8B88202B8B490059ECB7 /* Project object */;
}
